// !$*UTF8*$!
{
	archiveVersion = 1;
	classes = {
	};
	objectVersion = 56;
	objects = {

/* Begin PBXBuildFile section */
		A96D96C22A24B3AE004532BC /* AppDelegate.swift in Sources */ = {isa = PBXBuildFile; fileRef = A96D96C12A24B3AE004532BC /* AppDelegate.swift */; };
		A96D96C42A24B3AE004532BC /* SceneDelegate.swift in Sources */ = {isa = PBXBuildFile; fileRef = A96D96C32A24B3AE004532BC /* SceneDelegate.swift */; };
		A96D96C62A24B3AE004532BC /* ViewController.swift in Sources */ = {isa = PBXBuildFile; fileRef = A96D96C52A24B3AE004532BC /* ViewController.swift */; };
		A96D96C92A24B3AE004532BC /* Main.storyboard in Resources */ = {isa = PBXBuildFile; fileRef = A96D96C72A24B3AE004532BC /* Main.storyboard */; };
		A96D96CB2A24B3AF004532BC /* Assets.xcassets in Resources */ = {isa = PBXBuildFile; fileRef = A96D96CA2A24B3AF004532BC /* Assets.xcassets */; };
		A96D96CE2A24B3AF004532BC /* LaunchScreen.storyboard in Resources */ = {isa = PBXBuildFile; fileRef = A96D96CC2A24B3AF004532BC /* LaunchScreen.storyboard */; };
		A96D96D62A24BCEE004532BC /* CryptoTableViewCell.swift in Sources */ = {isa = PBXBuildFile; fileRef = A96D96D52A24BCEE004532BC /* CryptoTableViewCell.swift */; };
		A96D96DC2A24CA5D004532BC /* CryptoCurrency.swift in Sources */ = {isa = PBXBuildFile; fileRef = A96D96DB2A24CA5D004532BC /* CryptoCurrency.swift */; };
		A96D96DE2A24CBBA004532BC /* Webservice.swift in Sources */ = {isa = PBXBuildFile; fileRef = A96D96DD2A24CBBA004532BC /* Webservice.swift */; };
		A96D96E02A24DE39004532BC /* CryptoViewModel.swift in Sources */ = {isa = PBXBuildFile; fileRef = A96D96DF2A24DE39004532BC /* CryptoViewModel.swift */; };
/* End PBXBuildFile section */

/* Begin PBXFileReference section */
		A96D96BE2A24B3AE004532BC /* CryptoCrazy.app */ = {isa = PBXFileReference; explicitFileType = wrapper.application; includeInIndex = 0; path = CryptoCrazy.app; sourceTree = BUILT_PRODUCTS_DIR; };
		A96D96C12A24B3AE004532BC /* AppDelegate.swift */ = {isa = PBXFileReference; lastKnownFileType = sourcecode.swift; path = AppDelegate.swift; sourceTree = "<group>"; };
		A96D96C32A24B3AE004532BC /* SceneDelegate.swift */ = {isa = PBXFileReference; lastKnownFileType = sourcecode.swift; path = SceneDelegate.swift; sourceTree = "<group>"; };
		A96D96C52A24B3AE004532BC /* ViewController.swift */ = {isa = PBXFileReference; lastKnownFileType = sourcecode.swift; path = ViewController.swift; sourceTree = "<group>"; };
		A96D96C82A24B3AE004532BC /* Base */ = {isa = PBXFileReference; lastKnownFileType = file.storyboard; name = Base; path = Base.lproj/Main.storyboard; sourceTree = "<group>"; };
		A96D96CA2A24B3AF004532BC /* Assets.xcassets */ = {isa = PBXFileReference; lastKnownFileType = folder.assetcatalog; path = Assets.xcassets; sourceTree = "<group>"; };
		A96D96CD2A24B3AF004532BC /* Base */ = {isa = PBXFileReference; lastKnownFileType = file.storyboard; name = Base; path = Base.lproj/LaunchScreen.storyboard; sourceTree = "<group>"; };
		A96D96CF2A24B3AF004532BC /* Info.plist */ = {isa = PBXFileReference; lastKnownFileType = text.plist.xml; path = Info.plist; sourceTree = "<group>"; };
		A96D96D52A24BCEE004532BC /* CryptoTableViewCell.swift */ = {isa = PBXFileReference; lastKnownFileType = sourcecode.swift; path = CryptoTableViewCell.swift; sourceTree = "<group>"; };
		A96D96DB2A24CA5D004532BC /* CryptoCurrency.swift */ = {isa = PBXFileReference; lastKnownFileType = sourcecode.swift; path = CryptoCurrency.swift; sourceTree = "<group>"; };
		A96D96DD2A24CBBA004532BC /* Webservice.swift */ = {isa = PBXFileReference; lastKnownFileType = sourcecode.swift; path = Webservice.swift; sourceTree = "<group>"; };
		A96D96DF2A24DE39004532BC /* CryptoViewModel.swift */ = {isa = PBXFileReference; lastKnownFileType = sourcecode.swift; path = CryptoViewModel.swift; sourceTree = "<group>"; };
/* End PBXFileReference section */

/* Begin PBXFrameworksBuildPhase section */
		A96D96BB2A24B3AE004532BC /* Frameworks */ = {
			isa = PBXFrameworksBuildPhase;
			buildActionMask = 2147483647;
			files = (
			);
			runOnlyForDeploymentPostprocessing = 0;
		};
/* End PBXFrameworksBuildPhase section */

/* Begin PBXGroup section */
		A96D96B52A24B3AE004532BC = {
			isa = PBXGroup;
			children = (
				A96D96C02A24B3AE004532BC /* CryptoCrazy */,
				A96D96BF2A24B3AE004532BC /* Products */,
			);
			sourceTree = "<group>";
		};
		A96D96BF2A24B3AE004532BC /* Products */ = {
			isa = PBXGroup;
			children = (
				A96D96BE2A24B3AE004532BC /* CryptoCrazy.app */,
			);
			name = Products;
			sourceTree = "<group>";
		};
		A96D96C02A24B3AE004532BC /* CryptoCrazy */ = {
			isa = PBXGroup;
			children = (
				A96D96DA2A24C92A004532BC /* ViewModel */,
				A96D96D92A24C91E004532BC /* Service */,
				A96D96D82A24C8FF004532BC /* Model */,
				A96D96D72A24C8F3004532BC /* View */,
				A96D96C72A24B3AE004532BC /* Main.storyboard */,
				A96D96CA2A24B3AF004532BC /* Assets.xcassets */,
				A96D96CC2A24B3AF004532BC /* LaunchScreen.storyboard */,
				A96D96CF2A24B3AF004532BC /* Info.plist */,
			);
			path = CryptoCrazy;
			sourceTree = "<group>";
		};
		A96D96D72A24C8F3004532BC /* View */ = {
			isa = PBXGroup;
			children = (
				A96D96D52A24BCEE004532BC /* CryptoTableViewCell.swift */,
				A96D96C52A24B3AE004532BC /* ViewController.swift */,
				A96D96C32A24B3AE004532BC /* SceneDelegate.swift */,
				A96D96C12A24B3AE004532BC /* AppDelegate.swift */,
			);
			path = View;
			sourceTree = "<group>";
		};
		A96D96D82A24C8FF004532BC /* Model */ = {
			isa = PBXGroup;
			children = (
				A96D96DB2A24CA5D004532BC /* CryptoCurrency.swift */,
			);
			path = Model;
			sourceTree = "<group>";
		};
		A96D96D92A24C91E004532BC /* Service */ = {
			isa = PBXGroup;
			children = (
				A96D96DD2A24CBBA004532BC /* Webservice.swift */,
			);
			path = Service;
			sourceTree = "<group>";
		};
		A96D96DA2A24C92A004532BC /* ViewModel */ = {
			isa = PBXGroup;
			children = (
				A96D96DF2A24DE39004532BC /* CryptoViewModel.swift */,
			);
			path = ViewModel;
			sourceTree = "<group>";
		};
/* End PBXGroup section */

/* Begin PBXNativeTarget section */
		A96D96BD2A24B3AE004532BC /* CryptoCrazy */ = {
			isa = PBXNativeTarget;
			buildConfigurationList = A96D96D22A24B3AF004532BC /* Build configuration list for PBXNativeTarget "CryptoCrazy" */;
			buildPhases = (
				A96D96BA2A24B3AE004532BC /* Sources */,
				A96D96BB2A24B3AE004532BC /* Frameworks */,
				A96D96BC2A24B3AE004532BC /* Resources */,
			);
			buildRules = (
			);
			dependencies = (
			);
			name = CryptoCrazy;
			productName = CryptoCrazy;
			productReference = A96D96BE2A24B3AE004532BC /* CryptoCrazy.app */;
			productType = "com.apple.product-type.application";
		};
/* End PBXNativeTarget section */

/* Begin PBXProject section */
		A96D96B62A24B3AE004532BC /* Project object */ = {
			isa = PBXProject;
			attributes = {
				BuildIndependentTargetsInParallel = 1;
				LastSwiftUpdateCheck = 1430;
				LastUpgradeCheck = 1430;
				TargetAttributes = {
					A96D96BD2A24B3AE004532BC = {
						CreatedOnToolsVersion = 14.3;
					};
				};
			};
			buildConfigurationList = A96D96B92A24B3AE004532BC /* Build configuration list for PBXProject "CryptoCrazy" */;
			compatibilityVersion = "Xcode 14.0";
			developmentRegion = en;
			hasScannedForEncodings = 0;
			knownRegions = (
				en,
				Base,
			);
			mainGroup = A96D96B52A24B3AE004532BC;
			productRefGroup = A96D96BF2A24B3AE004532BC /* Products */;
			projectDirPath = "";
			projectRoot = "";
			targets = (
				A96D96BD2A24B3AE004532BC /* CryptoCrazy */,
			);
		};
/* End PBXProject section */

/* Begin PBXResourcesBuildPhase section */
		A96D96BC2A24B3AE004532BC /* Resources */ = {
			isa = PBXResourcesBuildPhase;
			buildActionMask = 2147483647;
			files = (
				A96D96CE2A24B3AF004532BC /* LaunchScreen.storyboard in Resources */,
				A96D96CB2A24B3AF004532BC /* Assets.xcassets in Resources */,
				A96D96C92A24B3AE004532BC /* Main.storyboard in Resources */,
			);
			runOnlyForDeploymentPostprocessing = 0;
		};
/* End PBXResourcesBuildPhase section */

/* Begin PBXSourcesBuildPhase section */
		A96D96BA2A24B3AE004532BC /* Sources */ = {
			isa = PBXSourcesBuildPhase;
			buildActionMask = 2147483647;
			files = (
				A96D96D62A24BCEE004532BC /* CryptoTableViewCell.swift in Sources */,
				A96D96C62A24B3AE004532BC /* ViewController.swift in Sources */,
				A96D96DE2A24CBBA004532BC /* Webservice.swift in Sources */,
				A96D96E02A24DE39004532BC /* CryptoViewModel.swift in Sources */,
				A96D96C22A24B3AE004532BC /* AppDelegate.swift in Sources */,
				A96D96DC2A24CA5D004532BC /* CryptoCurrency.swift in Sources */,
				A96D96C42A24B3AE004532BC /* SceneDelegate.swift in Sources */,
			);
			runOnlyForDeploymentPostprocessing = 0;
		};
/* End PBXSourcesBuildPhase section */

/* Begin PBXVariantGroup section */
		A96D96C72A24B3AE004532BC /* Main.storyboard */ = {
			isa = PBXVariantGroup;
			children = (
				A96D96C82A24B3AE004532BC /* Base */,
			);
			name = Main.storyboard;
			sourceTree = "<group>";
		};
		A96D96CC2A24B3AF004532BC /* LaunchScreen.storyboard */ = {
			isa = PBXVariantGroup;
			children = (
				A96D96CD2A24B3AF004532BC /* Base */,
			);
			name = LaunchScreen.storyboard;
			sourceTree = "<group>";
		};
/* End PBXVariantGroup section */

/* Begin XCBuildConfiguration section */
		A96D96D02A24B3AF004532BC /* Debug */ = {
			isa = XCBuildConfiguration;
			buildSettings = {
				ALWAYS_SEARCH_USER_PATHS = NO;
				CLANG_ANALYZER_NONNULL = YES;
				CLANG_ANALYZER_NUMBER_OBJECT_CONVERSION = YES_AGGRESSIVE;
				CLANG_CXX_LANGUAGE_STANDARD = "gnu++20";
				CLANG_ENABLE_MODULES = YES;
				CLANG_ENABLE_OBJC_ARC = YES;
				CLANG_ENABLE_OBJC_WEAK = YES;
				CLANG_WARN_BLOCK_CAPTURE_AUTORELEASING = YES;
				CLANG_WARN_BOOL_CONVERSION = YES;
				CLANG_WARN_COMMA = YES;
				CLANG_WARN_CONSTANT_CONVERSION = YES;
				CLANG_WARN_DEPRECATED_OBJC_IMPLEMENTATIONS = YES;
				CLANG_WARN_DIRECT_OBJC_ISA_USAGE = YES_ERROR;
				CLANG_WARN_DOCUMENTATION_COMMENTS = YES;
				CLANG_WARN_EMPTY_BODY = YES;
				CLANG_WARN_ENUM_CONVERSION = YES;
				CLANG_WARN_INFINITE_RECURSION = YES;
				CLANG_WARN_INT_CONVERSION = YES;
				CLANG_WARN_NON_LITERAL_NULL_CONVERSION = YES;
				CLANG_WARN_OBJC_IMPLICIT_RETAIN_SELF = YES;
				CLANG_WARN_OBJC_LITERAL_CONVERSION = YES;
				CLANG_WARN_OBJC_ROOT_CLASS = YES_ERROR;
				CLANG_WARN_QUOTED_INCLUDE_IN_FRAMEWORK_HEADER = YES;
				CLANG_WARN_RANGE_LOOP_ANALYSIS = YES;
				CLANG_WARN_STRICT_PROTOTYPES = YES;
				CLANG_WARN_SUSPICIOUS_MOVE = YES;
				CLANG_WARN_UNGUARDED_AVAILABILITY = YES_AGGRESSIVE;
				CLANG_WARN_UNREACHABLE_CODE = YES;
				CLANG_WARN__DUPLICATE_METHOD_MATCH = YES;
				COPY_PHASE_STRIP = NO;
				DEBUG_INFORMATION_FORMAT = dwarf;
				ENABLE_STRICT_OBJC_MSGSEND = YES;
				ENABLE_TESTABILITY = YES;
				GCC_C_LANGUAGE_STANDARD = gnu11;
				GCC_DYNAMIC_NO_PIC = NO;
				GCC_NO_COMMON_BLOCKS = YES;
				GCC_OPTIMIZATION_LEVEL = 0;
				GCC_PREPROCESSOR_DEFINITIONS = (
					"DEBUG=1",
					"$(inherited)",
				);
				GCC_WARN_64_TO_32_BIT_CONVERSION = YES;
				GCC_WARN_ABOUT_RETURN_TYPE = YES_ERROR;
				GCC_WARN_UNDECLARED_SELECTOR = YES;
				GCC_WARN_UNINITIALIZED_AUTOS = YES_AGGRESSIVE;
				GCC_WARN_UNUSED_FUNCTION = YES;
				GCC_WARN_UNUSED_VARIABLE = YES;
				IPHONEOS_DEPLOYMENT_TARGET = 16.4;
				MTL_ENABLE_DEBUG_INFO = INCLUDE_SOURCE;
				MTL_FAST_MATH = YES;
				ONLY_ACTIVE_ARCH = YES;
				SDKROOT = iphoneos;
				SWIFT_ACTIVE_COMPILATION_CONDITIONS = DEBUG;
				SWIFT_OPTIMIZATION_LEVEL = "-Onone";
			};
			name = Debug;
		};
		A96D96D12A24B3AF004532BC /* Release */ = {
			isa = XCBuildConfiguration;
			buildSettings = {
				ALWAYS_SEARCH_USER_PATHS = NO;
				CLANG_ANALYZER_NONNULL = YES;
				CLANG_ANALYZER_NUMBER_OBJECT_CONVERSION = YES_AGGRESSIVE;
				CLANG_CXX_LANGUAGE_STANDARD = "gnu++20";
				CLANG_ENABLE_MODULES = YES;
				CLANG_ENABLE_OBJC_ARC = YES;
				CLANG_ENABLE_OBJC_WEAK = YES;
				CLANG_WARN_BLOCK_CAPTURE_AUTORELEASING = YES;
				CLANG_WARN_BOOL_CONVERSION = YES;
				CLANG_WARN_COMMA = YES;
				CLANG_WARN_CONSTANT_CONVERSION = YES;
				CLANG_WARN_DEPRECATED_OBJC_IMPLEMENTATIONS = YES;
				CLANG_WARN_DIRECT_OBJC_ISA_USAGE = YES_ERROR;
				CLANG_WARN_DOCUMENTATION_COMMENTS = YES;
				CLANG_WARN_EMPTY_BODY = YES;
				CLANG_WARN_ENUM_CONVERSION = YES;
				CLANG_WARN_INFINITE_RECURSION = YES;
				CLANG_WARN_INT_CONVERSION = YES;
				CLANG_WARN_NON_LITERAL_NULL_CONVERSION = YES;
				CLANG_WARN_OBJC_IMPLICIT_RETAIN_SELF = YES;
				CLANG_WARN_OBJC_LITERAL_CONVERSION = YES;
				CLANG_WARN_OBJC_ROOT_CLASS = YES_ERROR;
				CLANG_WARN_QUOTED_INCLUDE_IN_FRAMEWORK_HEADER = YES;
				CLANG_WARN_RANGE_LOOP_ANALYSIS = YES;
				CLANG_WARN_STRICT_PROTOTYPES = YES;
				CLANG_WARN_SUSPICIOUS_MOVE = YES;
				CLANG_WARN_UNGUARDED_AVAILABILITY = YES_AGGRESSIVE;
				CLANG_WARN_UNREACHABLE_CODE = YES;
				CLANG_WARN__DUPLICATE_METHOD_MATCH = YES;
				COPY_PHASE_STRIP = NO;
				DEBUG_INFORMATION_FORMAT = "dwarf-with-dsym";
				ENABLE_NS_ASSERTIONS = NO;
				ENABLE_STRICT_OBJC_MSGSEND = YES;
				GCC_C_LANGUAGE_STANDARD = gnu11;
				GCC_NO_COMMON_BLOCKS = YES;
				GCC_WARN_64_TO_32_BIT_CONVERSION = YES;
				GCC_WARN_ABOUT_RETURN_TYPE = YES_ERROR;
				GCC_WARN_UNDECLARED_SELECTOR = YES;
				GCC_WARN_UNINITIALIZED_AUTOS = YES_AGGRESSIVE;
				GCC_WARN_UNUSED_FUNCTION = YES;
				GCC_WARN_UNUSED_VARIABLE = YES;
				IPHONEOS_DEPLOYMENT_TARGET = 16.4;
				MTL_ENABLE_DEBUG_INFO = NO;
				MTL_FAST_MATH = YES;
				SDKROOT = iphoneos;
				SWIFT_COMPILATION_MODE = wholemodule;
				SWIFT_OPTIMIZATION_LEVEL = "-O";
				VALIDATE_PRODUCT = YES;
			};
			name = Release;
		};
		A96D96D32A24B3AF004532BC /* Debug */ = {
			isa = XCBuildConfiguration;
			buildSettings = {
				ASSETCATALOG_COMPILER_APPICON_NAME = AppIcon;
				ASSETCATALOG_COMPILER_GLOBAL_ACCENT_COLOR_NAME = AccentColor;
				CODE_SIGN_STYLE = Automatic;
				CURRENT_PROJECT_VERSION = 1;
				DEVELOPMENT_TEAM = 992MR6GDH5;
				GENERATE_INFOPLIST_FILE = YES;
				INFOPLIST_FILE = CryptoCrazy/Info.plist;
				INFOPLIST_KEY_UIApplicationSupportsIndirectInputEvents = YES;
				INFOPLIST_KEY_UILaunchStoryboardName = LaunchScreen;
				INFOPLIST_KEY_UIMainStoryboardFile = Main;
				INFOPLIST_KEY_UISupportedInterfaceOrientations_iPad = "UIInterfaceOrientationPortrait UIInterfaceOrientationPortraitUpsideDown UIInterfaceOrientationLandscapeLeft UIInterfaceOrientationLandscapeRight";
				INFOPLIST_KEY_UISupportedInterfaceOrientations_iPhone = "UIInterfaceOrientationPortrait UIInterfaceOrientationLandscapeLeft UIInterfaceOrientationLandscapeRight";
				LD_RUNPATH_SEARCH_PATHS = (
					"$(inherited)",
					"@executable_path/Frameworks",
				);
				MARKETING_VERSION = 1.0;
				PRODUCT_BUNDLE_IDENTIFIER = com.sevvalmertoglu.CryptoCrazy;
				PRODUCT_NAME = "$(TARGET_NAME)";
				SWIFT_EMIT_LOC_STRINGS = YES;
				SWIFT_VERSION = 5.0;
				TARGETED_DEVICE_FAMILY = "1,2";
			};
			name = Debug;
		};
		A96D96D42A24B3AF004532BC /* Release */ = {
			isa = XCBuildConfiguration;
			buildSettings = {
				ASSETCATALOG_COMPILER_APPICON_NAME = AppIcon;
				ASSETCATALOG_COMPILER_GLOBAL_ACCENT_COLOR_NAME = AccentColor;
				CODE_SIGN_STYLE = Automatic;
				CURRENT_PROJECT_VERSION = 1;
				DEVELOPMENT_TEAM = 992MR6GDH5;
				GENERATE_INFOPLIST_FILE = YES;
				INFOPLIST_FILE = CryptoCrazy/Info.plist;
				INFOPLIST_KEY_UIApplicationSupportsIndirectInputEvents = YES;
				INFOPLIST_KEY_UILaunchStoryboardName = LaunchScreen;
				INFOPLIST_KEY_UIMainStoryboardFile = Main;
				INFOPLIST_KEY_UISupportedInterfaceOrientations_iPad = "UIInterfaceOrientationPortrait UIInterfaceOrientationPortraitUpsideDown UIInterfaceOrientationLandscapeLeft UIInterfaceOrientationLandscapeRight";
				INFOPLIST_KEY_UISupportedInterfaceOrientations_iPhone = "UIInterfaceOrientationPortrait UIInterfaceOrientationLandscapeLeft UIInterfaceOrientationLandscapeRight";
				LD_RUNPATH_SEARCH_PATHS = (
					"$(inherited)",
					"@executable_path/Frameworks",
				);
				MARKETING_VERSION = 1.0;
				PRODUCT_BUNDLE_IDENTIFIER = com.sevvalmertoglu.CryptoCrazy;
				PRODUCT_NAME = "$(TARGET_NAME)";
				SWIFT_EMIT_LOC_STRINGS = YES;
				SWIFT_VERSION = 5.0;
				TARGETED_DEVICE_FAMILY = "1,2";
			};
			name = Release;
		};
/* End XCBuildConfiguration section */

/* Begin XCConfigurationList section */
		A96D96B92A24B3AE004532BC /* Build configuration list for PBXProject "CryptoCrazy" */ = {
			isa = XCConfigurationList;
			buildConfigurations = (
				A96D96D02A24B3AF004532BC /* Debug */,
				A96D96D12A24B3AF004532BC /* Release */,
			);
			defaultConfigurationIsVisible = 0;
			defaultConfigurationName = Release;
		};
		A96D96D22A24B3AF004532BC /* Build configuration list for PBXNativeTarget "CryptoCrazy" */ = {
			isa = XCConfigurationList;
			buildConfigurations = (
				A96D96D32A24B3AF004532BC /* Debug */,
				A96D96D42A24B3AF004532BC /* Release */,
			);
			defaultConfigurationIsVisible = 0;
			defaultConfigurationName = Release;
		};
/* End XCConfigurationList section */
	};
	rootObject = A96D96B62A24B3AE004532BC /* Project object */;
}
